
Microsoft Visual Studio Solution File, Format Version 12.00
# Visual Studio Version 17
VisualStudioVersion = 17.11.35222.181
MinimumVisualStudioVersion = 10.0.40219.1
Project("{FAE04EC0-301F-11D3-BF4B-00C04F79EFBC}") = "ConversordeTemperatura3F", "ConversordeTemperatura3F\ConversordeTemperatura3F.csproj", "{2146349F-AA4F-41E7-AD6B-B889A22CA6E5}"
EndProject
Global
	GlobalSection(SolutionConfigurationPlatforms) = preSolution
		Debug|Any CPU = Debug|Any CPU
		Release|Any CPU = Release|Any CPU
	EndGlobalSection
	GlobalSection(ProjectConfigurationPlatforms) = postSolution
		{2146349F-AA4F-41E7-AD6B-B889A22CA6E5}.Debug|Any CPU.ActiveCfg = Debug|Any CPU
		{2146349F-AA4F-41E7-AD6B-B889A22CA6E5}.Debug|Any CPU.Build.0 = Debug|Any CPU
		{2146349F-AA4F-41E7-AD6B-B889A22CA6E5}.Release|Any CPU.ActiveCfg = Release|Any CPU
		{2146349F-AA4F-41E7-AD6B-B889A22CA6E5}.Release|Any CPU.Build.0 = Release|Any CPU
	EndGlobalSection
	GlobalSection(SolutionProperties) = preSolution
		HideSolutionNode = FALSE
	EndGlobalSection
	GlobalSection(ExtensibilityGlobals) = postSolution
		SolutionGuid = {E380A1DD-7D23-459A-954C-BA1752D0CCAA}
	EndGlobalSection
EndGlobal
